// !$*UTF8*$!
{
	archiveVersion = 1;
	classes = {
	};
	objectVersion = 51;
	objects = {

/* Begin PBXBuildFile section */
		0090C5725CD032F6991B3F1D /* Pods_Tan_CodingChallenge.framework in Frameworks */ = {isa = PBXBuildFile; fileRef = 5740B0EAC1F21814B34FDF3F /* Pods_Tan_CodingChallenge.framework */; };
		AFEF177ABC831E2B3422A924 /* Pods_Tan_CodingChallengeTests.framework in Frameworks */ = {isa = PBXBuildFile; fileRef = 9C87EBFA55BBF69804051514 /* Pods_Tan_CodingChallengeTests.framework */; };
		D417F62373EE42BA506BA435 /* Pods_Tan_CodingChallenge_Tan_CodingChallengeUITests.framework in Frameworks */ = {isa = PBXBuildFile; fileRef = 81CD660D7A684D45063F31B5 /* Pods_Tan_CodingChallenge_Tan_CodingChallengeUITests.framework */; };
		E4A2AC96257F84B800BC2EC3 /* HeaderView.swift in Sources */ = {isa = PBXBuildFile; fileRef = E4A2AC95257F84B800BC2EC3 /* HeaderView.swift */; };
		E4A2AC9B257F84C300BC2EC3 /* HeaderView.xib in Resources */ = {isa = PBXBuildFile; fileRef = E4A2AC9A257F84C300BC2EC3 /* HeaderView.xib */; };
		E4A2ACA0257F8EE500BC2EC3 /* Date.swift in Sources */ = {isa = PBXBuildFile; fileRef = E4A2AC9F257F8EE500BC2EC3 /* Date.swift */; };
		E4A2ACAA257FA19200BC2EC3 /* TrackListCoordinator.swift in Sources */ = {isa = PBXBuildFile; fileRef = E4A2ACA9257FA19200BC2EC3 /* TrackListCoordinator.swift */; };
		E4B67320257E29C80048E78F /* AppDelegate.swift in Sources */ = {isa = PBXBuildFile; fileRef = E4B6731F257E29C80048E78F /* AppDelegate.swift */; };
		E4B67322257E29C80048E78F /* SceneDelegate.swift in Sources */ = {isa = PBXBuildFile; fileRef = E4B67321257E29C80048E78F /* SceneDelegate.swift */; };
		E4B67327257E29C80048E78F /* Main.storyboard in Resources */ = {isa = PBXBuildFile; fileRef = E4B67325257E29C80048E78F /* Main.storyboard */; };
		E4B67329257E29C80048E78F /* Assets.xcassets in Resources */ = {isa = PBXBuildFile; fileRef = E4B67328257E29C80048E78F /* Assets.xcassets */; };
		E4B6732C257E29C80048E78F /* LaunchScreen.storyboard in Resources */ = {isa = PBXBuildFile; fileRef = E4B6732A257E29C80048E78F /* LaunchScreen.storyboard */; };
		E4B67337257E29C80048E78F /* Tan_CodingChallengeTests.swift in Sources */ = {isa = PBXBuildFile; fileRef = E4B67336257E29C80048E78F /* Tan_CodingChallengeTests.swift */; };
		E4B67342257E29C80048E78F /* Tan_CodingChallengeUITests.swift in Sources */ = {isa = PBXBuildFile; fileRef = E4B67341257E29C80048E78F /* Tan_CodingChallengeUITests.swift */; };
		E4B6736C257E46D90048E78F /* TrackListController.swift in Sources */ = {isa = PBXBuildFile; fileRef = E4B6736B257E46D90048E78F /* TrackListController.swift */; };
		E4B67372257E4DAB0048E78F /* TrackCell.swift in Sources */ = {isa = PBXBuildFile; fileRef = E4B67370257E4DAB0048E78F /* TrackCell.swift */; };
		E4B67373257E4DAB0048E78F /* TrackCell.xib in Resources */ = {isa = PBXBuildFile; fileRef = E4B67371257E4DAB0048E78F /* TrackCell.xib */; };
		E4B673F7257E640A0048E78F /* Track.swift in Sources */ = {isa = PBXBuildFile; fileRef = E4B673F6257E640A0048E78F /* Track.swift */; };
		E4B67406257E64C10048E78F /* TrackService.swift in Sources */ = {isa = PBXBuildFile; fileRef = E4B67405257E64C10048E78F /* TrackService.swift */; };
		E4B6740C257E663C0048E78F /* TrackResponse.swift in Sources */ = {isa = PBXBuildFile; fileRef = E4B6740B257E663C0048E78F /* TrackResponse.swift */; };
		E4B67425257E76970048E78F /* TrackListViewModel.swift in Sources */ = {isa = PBXBuildFile; fileRef = E4B67424257E76970048E78F /* TrackListViewModel.swift */; };
		E4B6742A257E76A20048E78F /* TrackCellViewModel.swift in Sources */ = {isa = PBXBuildFile; fileRef = E4B67429257E76A20048E78F /* TrackCellViewModel.swift */; };
		E4B674B1257E955B0048E78F /* DetailsController.swift in Sources */ = {isa = PBXBuildFile; fileRef = E4B674B0257E955B0048E78F /* DetailsController.swift */; };
		E4B674EE257EA1180048E78F /* DetailsViewModel.swift in Sources */ = {isa = PBXBuildFile; fileRef = E4B674ED257EA1180048E78F /* DetailsViewModel.swift */; };
		E4E76A07257FCDAD002D8C21 /* AppPreferences.swift in Sources */ = {isa = PBXBuildFile; fileRef = E4E76A06257FCDAD002D8C21 /* AppPreferences.swift */; };
		E4E76A0C257FD826002D8C21 /* SearchTrackController.swift in Sources */ = {isa = PBXBuildFile; fileRef = E4E76A0B257FD826002D8C21 /* SearchTrackController.swift */; };
		E4E76A1D257FDAF1002D8C21 /* SearchTrackViewModel.swift in Sources */ = {isa = PBXBuildFile; fileRef = E4E76A1C257FDAF1002D8C21 /* SearchTrackViewModel.swift */; };
		E4E76A34257FE496002D8C21 /* R.generated.swift in Sources */ = {isa = PBXBuildFile; fileRef = E4E76A33257FE496002D8C21 /* R.generated.swift */; };
/* End PBXBuildFile section */

/* Begin PBXContainerItemProxy section */
		E4B67333257E29C80048E78F /* PBXContainerItemProxy */ = {
			isa = PBXContainerItemProxy;
			containerPortal = E4B67314257E29C80048E78F /* Project object */;
			proxyType = 1;
			remoteGlobalIDString = E4B6731B257E29C80048E78F;
			remoteInfo = Tan_CodingChallenge;
		};
		E4B6733E257E29C80048E78F /* PBXContainerItemProxy */ = {
			isa = PBXContainerItemProxy;
			containerPortal = E4B67314257E29C80048E78F /* Project object */;
			proxyType = 1;
			remoteGlobalIDString = E4B6731B257E29C80048E78F;
			remoteInfo = Tan_CodingChallenge;
		};
/* End PBXContainerItemProxy section */

/* Begin PBXFileReference section */
		10A7FC41FCB5585149A46F2B /* Pods-Tan_CodingChallenge-Tan_CodingChallengeUITests.release.xcconfig */ = {isa = PBXFileReference; includeInIndex = 1; lastKnownFileType = text.xcconfig; name = "Pods-Tan_CodingChallenge-Tan_CodingChallengeUITests.release.xcconfig"; path = "Target Support Files/Pods-Tan_CodingChallenge-Tan_CodingChallengeUITests/Pods-Tan_CodingChallenge-Tan_CodingChallengeUITests.release.xcconfig"; sourceTree = "<group>"; };
		226BDD9FA03D9929621FABDC /* Pods-Tan_CodingChallengeTests.release.xcconfig */ = {isa = PBXFileReference; includeInIndex = 1; lastKnownFileType = text.xcconfig; name = "Pods-Tan_CodingChallengeTests.release.xcconfig"; path = "Target Support Files/Pods-Tan_CodingChallengeTests/Pods-Tan_CodingChallengeTests.release.xcconfig"; sourceTree = "<group>"; };
		502C04E9266C0EEE4658FEA0 /* Pods-Tan_CodingChallenge.debug.xcconfig */ = {isa = PBXFileReference; includeInIndex = 1; lastKnownFileType = text.xcconfig; name = "Pods-Tan_CodingChallenge.debug.xcconfig"; path = "Target Support Files/Pods-Tan_CodingChallenge/Pods-Tan_CodingChallenge.debug.xcconfig"; sourceTree = "<group>"; };
		5740B0EAC1F21814B34FDF3F /* Pods_Tan_CodingChallenge.framework */ = {isa = PBXFileReference; explicitFileType = wrapper.framework; includeInIndex = 0; path = Pods_Tan_CodingChallenge.framework; sourceTree = BUILT_PRODUCTS_DIR; };
		6954DA58CA8EA0B60C6F6964 /* Pods-Tan_CodingChallenge-Tan_CodingChallengeUITests.debug.xcconfig */ = {isa = PBXFileReference; includeInIndex = 1; lastKnownFileType = text.xcconfig; name = "Pods-Tan_CodingChallenge-Tan_CodingChallengeUITests.debug.xcconfig"; path = "Target Support Files/Pods-Tan_CodingChallenge-Tan_CodingChallengeUITests/Pods-Tan_CodingChallenge-Tan_CodingChallengeUITests.debug.xcconfig"; sourceTree = "<group>"; };
		81CD660D7A684D45063F31B5 /* Pods_Tan_CodingChallenge_Tan_CodingChallengeUITests.framework */ = {isa = PBXFileReference; explicitFileType = wrapper.framework; includeInIndex = 0; path = Pods_Tan_CodingChallenge_Tan_CodingChallengeUITests.framework; sourceTree = BUILT_PRODUCTS_DIR; };
		82B9D4C585889E73566782A7 /* Pods-Tan_CodingChallenge.release.xcconfig */ = {isa = PBXFileReference; includeInIndex = 1; lastKnownFileType = text.xcconfig; name = "Pods-Tan_CodingChallenge.release.xcconfig"; path = "Target Support Files/Pods-Tan_CodingChallenge/Pods-Tan_CodingChallenge.release.xcconfig"; sourceTree = "<group>"; };
		9C87EBFA55BBF69804051514 /* Pods_Tan_CodingChallengeTests.framework */ = {isa = PBXFileReference; explicitFileType = wrapper.framework; includeInIndex = 0; path = Pods_Tan_CodingChallengeTests.framework; sourceTree = BUILT_PRODUCTS_DIR; };
		B75506969DF5ACD8B65BABD7 /* Pods-Tan_CodingChallengeTests.debug.xcconfig */ = {isa = PBXFileReference; includeInIndex = 1; lastKnownFileType = text.xcconfig; name = "Pods-Tan_CodingChallengeTests.debug.xcconfig"; path = "Target Support Files/Pods-Tan_CodingChallengeTests/Pods-Tan_CodingChallengeTests.debug.xcconfig"; sourceTree = "<group>"; };
		E4A2AC95257F84B800BC2EC3 /* HeaderView.swift */ = {isa = PBXFileReference; lastKnownFileType = sourcecode.swift; path = HeaderView.swift; sourceTree = "<group>"; };
		E4A2AC9A257F84C300BC2EC3 /* HeaderView.xib */ = {isa = PBXFileReference; lastKnownFileType = file.xib; path = HeaderView.xib; sourceTree = "<group>"; };
		E4A2AC9F257F8EE500BC2EC3 /* Date.swift */ = {isa = PBXFileReference; lastKnownFileType = sourcecode.swift; path = Date.swift; sourceTree = "<group>"; };
		E4A2ACA9257FA19200BC2EC3 /* TrackListCoordinator.swift */ = {isa = PBXFileReference; lastKnownFileType = sourcecode.swift; path = TrackListCoordinator.swift; sourceTree = "<group>"; };
		E4B6731C257E29C80048E78F /* Tan_CodingChallenge.app */ = {isa = PBXFileReference; explicitFileType = wrapper.application; includeInIndex = 0; path = Tan_CodingChallenge.app; sourceTree = BUILT_PRODUCTS_DIR; };
		E4B6731F257E29C80048E78F /* AppDelegate.swift */ = {isa = PBXFileReference; lastKnownFileType = sourcecode.swift; path = AppDelegate.swift; sourceTree = "<group>"; };
		E4B67321257E29C80048E78F /* SceneDelegate.swift */ = {isa = PBXFileReference; lastKnownFileType = sourcecode.swift; path = SceneDelegate.swift; sourceTree = "<group>"; };
		E4B67326257E29C80048E78F /* Base */ = {isa = PBXFileReference; lastKnownFileType = file.storyboard; name = Base; path = Base.lproj/Main.storyboard; sourceTree = "<group>"; };
		E4B67328257E29C80048E78F /* Assets.xcassets */ = {isa = PBXFileReference; lastKnownFileType = folder.assetcatalog; path = Assets.xcassets; sourceTree = "<group>"; };
		E4B6732B257E29C80048E78F /* Base */ = {isa = PBXFileReference; lastKnownFileType = file.storyboard; name = Base; path = Base.lproj/LaunchScreen.storyboard; sourceTree = "<group>"; };
		E4B6732D257E29C80048E78F /* Info.plist */ = {isa = PBXFileReference; lastKnownFileType = text.plist.xml; path = Info.plist; sourceTree = "<group>"; };
		E4B67332257E29C80048E78F /* Tan_CodingChallengeTests.xctest */ = {isa = PBXFileReference; explicitFileType = wrapper.cfbundle; includeInIndex = 0; path = Tan_CodingChallengeTests.xctest; sourceTree = BUILT_PRODUCTS_DIR; };
		E4B67336257E29C80048E78F /* Tan_CodingChallengeTests.swift */ = {isa = PBXFileReference; lastKnownFileType = sourcecode.swift; path = Tan_CodingChallengeTests.swift; sourceTree = "<group>"; };
		E4B67338257E29C80048E78F /* Info.plist */ = {isa = PBXFileReference; lastKnownFileType = text.plist.xml; path = Info.plist; sourceTree = "<group>"; };
		E4B6733D257E29C80048E78F /* Tan_CodingChallengeUITests.xctest */ = {isa = PBXFileReference; explicitFileType = wrapper.cfbundle; includeInIndex = 0; path = Tan_CodingChallengeUITests.xctest; sourceTree = BUILT_PRODUCTS_DIR; };
		E4B67341257E29C80048E78F /* Tan_CodingChallengeUITests.swift */ = {isa = PBXFileReference; lastKnownFileType = sourcecode.swift; path = Tan_CodingChallengeUITests.swift; sourceTree = "<group>"; };
		E4B67343257E29C80048E78F /* Info.plist */ = {isa = PBXFileReference; lastKnownFileType = text.plist.xml; path = Info.plist; sourceTree = "<group>"; };
		E4B6736B257E46D90048E78F /* TrackListController.swift */ = {isa = PBXFileReference; lastKnownFileType = sourcecode.swift; path = TrackListController.swift; sourceTree = "<group>"; };
		E4B67370257E4DAB0048E78F /* TrackCell.swift */ = {isa = PBXFileReference; lastKnownFileType = sourcecode.swift; path = TrackCell.swift; sourceTree = "<group>"; };
		E4B67371257E4DAB0048E78F /* TrackCell.xib */ = {isa = PBXFileReference; lastKnownFileType = file.xib; path = TrackCell.xib; sourceTree = "<group>"; };
		E4B673F6257E640A0048E78F /* Track.swift */ = {isa = PBXFileReference; lastKnownFileType = sourcecode.swift; path = Track.swift; sourceTree = "<group>"; };
		E4B67405257E64C10048E78F /* TrackService.swift */ = {isa = PBXFileReference; lastKnownFileType = sourcecode.swift; path = TrackService.swift; sourceTree = "<group>"; };
		E4B6740B257E663C0048E78F /* TrackResponse.swift */ = {isa = PBXFileReference; lastKnownFileType = sourcecode.swift; path = TrackResponse.swift; sourceTree = "<group>"; };
		E4B67424257E76970048E78F /* TrackListViewModel.swift */ = {isa = PBXFileReference; lastKnownFileType = sourcecode.swift; path = TrackListViewModel.swift; sourceTree = "<group>"; };
		E4B67429257E76A20048E78F /* TrackCellViewModel.swift */ = {isa = PBXFileReference; lastKnownFileType = sourcecode.swift; path = TrackCellViewModel.swift; sourceTree = "<group>"; };
		E4B674B0257E955B0048E78F /* DetailsController.swift */ = {isa = PBXFileReference; lastKnownFileType = sourcecode.swift; path = DetailsController.swift; sourceTree = "<group>"; };
		E4B674ED257EA1180048E78F /* DetailsViewModel.swift */ = {isa = PBXFileReference; lastKnownFileType = sourcecode.swift; path = DetailsViewModel.swift; sourceTree = "<group>"; };
		E4E76A06257FCDAD002D8C21 /* AppPreferences.swift */ = {isa = PBXFileReference; lastKnownFileType = sourcecode.swift; path = AppPreferences.swift; sourceTree = "<group>"; };
		E4E76A0B257FD826002D8C21 /* SearchTrackController.swift */ = {isa = PBXFileReference; lastKnownFileType = sourcecode.swift; path = SearchTrackController.swift; sourceTree = "<group>"; };
		E4E76A1C257FDAF1002D8C21 /* SearchTrackViewModel.swift */ = {isa = PBXFileReference; lastKnownFileType = sourcecode.swift; path = SearchTrackViewModel.swift; sourceTree = "<group>"; };
		E4E76A33257FE496002D8C21 /* R.generated.swift */ = {isa = PBXFileReference; fileEncoding = 4; lastKnownFileType = sourcecode.swift; path = R.generated.swift; sourceTree = SOURCE_ROOT; };
/* End PBXFileReference section */

/* Begin PBXFrameworksBuildPhase section */
		E4B67319257E29C80048E78F /* Frameworks */ = {
			isa = PBXFrameworksBuildPhase;
			buildActionMask = 2147483647;
			files = (
				0090C5725CD032F6991B3F1D /* Pods_Tan_CodingChallenge.framework in Frameworks */,
			);
			runOnlyForDeploymentPostprocessing = 0;
		};
		E4B6732F257E29C80048E78F /* Frameworks */ = {
			isa = PBXFrameworksBuildPhase;
			buildActionMask = 2147483647;
			files = (
				AFEF177ABC831E2B3422A924 /* Pods_Tan_CodingChallengeTests.framework in Frameworks */,
			);
			runOnlyForDeploymentPostprocessing = 0;
		};
		E4B6733A257E29C80048E78F /* Frameworks */ = {
			isa = PBXFrameworksBuildPhase;
			buildActionMask = 2147483647;
			files = (
				D417F62373EE42BA506BA435 /* Pods_Tan_CodingChallenge_Tan_CodingChallengeUITests.framework in Frameworks */,
			);
			runOnlyForDeploymentPostprocessing = 0;
		};
/* End PBXFrameworksBuildPhase section */

/* Begin PBXGroup section */
		51AB1AE88D803C9D0092534B /* Pods */ = {
			isa = PBXGroup;
			children = (
				502C04E9266C0EEE4658FEA0 /* Pods-Tan_CodingChallenge.debug.xcconfig */,
				82B9D4C585889E73566782A7 /* Pods-Tan_CodingChallenge.release.xcconfig */,
				6954DA58CA8EA0B60C6F6964 /* Pods-Tan_CodingChallenge-Tan_CodingChallengeUITests.debug.xcconfig */,
				10A7FC41FCB5585149A46F2B /* Pods-Tan_CodingChallenge-Tan_CodingChallengeUITests.release.xcconfig */,
				B75506969DF5ACD8B65BABD7 /* Pods-Tan_CodingChallengeTests.debug.xcconfig */,
				226BDD9FA03D9929621FABDC /* Pods-Tan_CodingChallengeTests.release.xcconfig */,
			);
			path = Pods;
			sourceTree = "<group>";
		};
		E4B67313257E29C80048E78F = {
			isa = PBXGroup;
			children = (
				E4B6731E257E29C80048E78F /* Tan_CodingChallenge */,
				E4B67335257E29C80048E78F /* Tan_CodingChallengeTests */,
				E4B67340257E29C80048E78F /* Tan_CodingChallengeUITests */,
				E4B6731D257E29C80048E78F /* Products */,
				51AB1AE88D803C9D0092534B /* Pods */,
				FEBAE8DDBB03239D952912EF /* Frameworks */,
			);
			sourceTree = "<group>";
		};
		E4B6731D257E29C80048E78F /* Products */ = {
			isa = PBXGroup;
			children = (
				E4B6731C257E29C80048E78F /* Tan_CodingChallenge.app */,
				E4B67332257E29C80048E78F /* Tan_CodingChallengeTests.xctest */,
				E4B6733D257E29C80048E78F /* Tan_CodingChallengeUITests.xctest */,
			);
			name = Products;
			sourceTree = "<group>";
		};
		E4B6731E257E29C80048E78F /* Tan_CodingChallenge */ = {
			isa = PBXGroup;
			children = (
				E4E76A05257FCDA2002D8C21 /* Utilities */,
				E4B674F2257EAC4E0048E78F /* Resources */,
				E4B67474257E85BA0048E78F /* Extensions */,
				E4B6737A257E4E020048E78F /* API */,
				E4B6735B257E46300048E78F /* Screens */,
				E4B6731F257E29C80048E78F /* AppDelegate.swift */,
				E4B67321257E29C80048E78F /* SceneDelegate.swift */,
				E4B67328257E29C80048E78F /* Assets.xcassets */,
				E4B6732D257E29C80048E78F /* Info.plist */,
			);
			path = Tan_CodingChallenge;
			sourceTree = "<group>";
		};
		E4B67335257E29C80048E78F /* Tan_CodingChallengeTests */ = {
			isa = PBXGroup;
			children = (
				E4B67336257E29C80048E78F /* Tan_CodingChallengeTests.swift */,
				E4B67338257E29C80048E78F /* Info.plist */,
			);
			path = Tan_CodingChallengeTests;
			sourceTree = "<group>";
		};
		E4B67340257E29C80048E78F /* Tan_CodingChallengeUITests */ = {
			isa = PBXGroup;
			children = (
				E4B67341257E29C80048E78F /* Tan_CodingChallengeUITests.swift */,
				E4B67343257E29C80048E78F /* Info.plist */,
			);
			path = Tan_CodingChallengeUITests;
			sourceTree = "<group>";
		};
		E4B6735B257E46300048E78F /* Screens */ = {
			isa = PBXGroup;
			children = (
				E4B6735D257E46400048E78F /* MainScreen */,
				E4B6735C257E46380048E78F /* Launchscreen */,
			);
			path = Screens;
			sourceTree = "<group>";
		};
		E4B6735C257E46380048E78F /* Launchscreen */ = {
			isa = PBXGroup;
			children = (
				E4B6732A257E29C80048E78F /* LaunchScreen.storyboard */,
			);
			path = Launchscreen;
			sourceTree = "<group>";
		};
		E4B6735D257E46400048E78F /* MainScreen */ = {
			isa = PBXGroup;
			children = (
				E4B6735F257E466B0048E78F /* DetailsScreen */,
				E4B6735E257E46530048E78F /* MasterListScreen */,
				E4B67325257E29C80048E78F /* Main.storyboard */,
			);
			path = MainScreen;
			sourceTree = "<group>";
		};
		E4B6735E257E46530048E78F /* MasterListScreen */ = {
			isa = PBXGroup;
			children = (
				E4B6736B257E46D90048E78F /* TrackListController.swift */,
				E4B67370257E4DAB0048E78F /* TrackCell.swift */,
				E4B67371257E4DAB0048E78F /* TrackCell.xib */,
				E4B67424257E76970048E78F /* TrackListViewModel.swift */,
				E4B67429257E76A20048E78F /* TrackCellViewModel.swift */,
				E4A2AC95257F84B800BC2EC3 /* HeaderView.swift */,
				E4A2AC9A257F84C300BC2EC3 /* HeaderView.xib */,
				E4A2ACA9257FA19200BC2EC3 /* TrackListCoordinator.swift */,
				E4E76A0B257FD826002D8C21 /* SearchTrackController.swift */,
				E4E76A1C257FDAF1002D8C21 /* SearchTrackViewModel.swift */,
			);
			path = MasterListScreen;
			sourceTree = "<group>";
		};
		E4B6735F257E466B0048E78F /* DetailsScreen */ = {
			isa = PBXGroup;
			children = (
				E4B674B0257E955B0048E78F /* DetailsController.swift */,
				E4B674ED257EA1180048E78F /* DetailsViewModel.swift */,
			);
			path = DetailsScreen;
			sourceTree = "<group>";
		};
		E4B6737A257E4E020048E78F /* API */ = {
			isa = PBXGroup;
			children = (
				E4B6740A257E662D0048E78F /* Http */,
				E4B6737C257E4E170048E78F /* Entities */,
				E4B6737B257E4E0C0048E78F /* Services */,
			);
			path = API;
			sourceTree = "<group>";
		};
		E4B6737B257E4E0C0048E78F /* Services */ = {
			isa = PBXGroup;
			children = (
				E4B67405257E64C10048E78F /* TrackService.swift */,
			);
			path = Services;
			sourceTree = "<group>";
		};
		E4B6737C257E4E170048E78F /* Entities */ = {
			isa = PBXGroup;
			children = (
				E4B673F6257E640A0048E78F /* Track.swift */,
			);
			path = Entities;
			sourceTree = "<group>";
		};
		E4B6740A257E662D0048E78F /* Http */ = {
			isa = PBXGroup;
			children = (
				E4B6740B257E663C0048E78F /* TrackResponse.swift */,
			);
			path = Http;
			sourceTree = "<group>";
		};
		E4B67474257E85BA0048E78F /* Extensions */ = {
			isa = PBXGroup;
			children = (
				E4A2AC9F257F8EE500BC2EC3 /* Date.swift */,
			);
			path = Extensions;
			sourceTree = "<group>";
		};
		E4B674F2257EAC4E0048E78F /* Resources */ = {
			isa = PBXGroup;
			children = (
				E4E76A33257FE496002D8C21 /* R.generated.swift */,
			);
			path = Resources;
			sourceTree = "<group>";
		};
		E4E76A05257FCDA2002D8C21 /* Utilities */ = {
			isa = PBXGroup;
			children = (
				E4E76A06257FCDAD002D8C21 /* AppPreferences.swift */,
			);
			path = Utilities;
			sourceTree = "<group>";
		};
		FEBAE8DDBB03239D952912EF /* Frameworks */ = {
			isa = PBXGroup;
			children = (
				5740B0EAC1F21814B34FDF3F /* Pods_Tan_CodingChallenge.framework */,
				81CD660D7A684D45063F31B5 /* Pods_Tan_CodingChallenge_Tan_CodingChallengeUITests.framework */,
				9C87EBFA55BBF69804051514 /* Pods_Tan_CodingChallengeTests.framework */,
			);
			name = Frameworks;
			sourceTree = "<group>";
		};
/* End PBXGroup section */

/* Begin PBXNativeTarget section */
		E4B6731B257E29C80048E78F /* Tan_CodingChallenge */ = {
			isa = PBXNativeTarget;
			buildConfigurationList = E4B67346257E29C80048E78F /* Build configuration list for PBXNativeTarget "Tan_CodingChallenge" */;
			buildPhases = (
				AACC2F1114BB6992A74F49FD /* [CP] Check Pods Manifest.lock */,
				E4B6748B257E8CC00048E78F /* RSwift */,
				E4B67318257E29C80048E78F /* Sources */,
				E4B67319257E29C80048E78F /* Frameworks */,
				E4B6731A257E29C80048E78F /* Resources */,
				AEA3A01AFBE05B1ED97C8E13 /* [CP] Embed Pods Frameworks */,
			);
			buildRules = (
			);
			dependencies = (
			);
			name = Tan_CodingChallenge;
			productName = Tan_CodingChallenge;
			productReference = E4B6731C257E29C80048E78F /* Tan_CodingChallenge.app */;
			productType = "com.apple.product-type.application";
		};
		E4B67331257E29C80048E78F /* Tan_CodingChallengeTests */ = {
			isa = PBXNativeTarget;
			buildConfigurationList = E4B67349257E29C80048E78F /* Build configuration list for PBXNativeTarget "Tan_CodingChallengeTests" */;
			buildPhases = (
				5DE7A05568271904F257C875 /* [CP] Check Pods Manifest.lock */,
				E4B6732E257E29C80048E78F /* Sources */,
				E4B6732F257E29C80048E78F /* Frameworks */,
				E4B67330257E29C80048E78F /* Resources */,
			);
			buildRules = (
			);
			dependencies = (
				E4B67334257E29C80048E78F /* PBXTargetDependency */,
			);
			name = Tan_CodingChallengeTests;
			productName = Tan_CodingChallengeTests;
			productReference = E4B67332257E29C80048E78F /* Tan_CodingChallengeTests.xctest */;
			productType = "com.apple.product-type.bundle.unit-test";
		};
		E4B6733C257E29C80048E78F /* Tan_CodingChallengeUITests */ = {
			isa = PBXNativeTarget;
			buildConfigurationList = E4B6734C257E29C80048E78F /* Build configuration list for PBXNativeTarget "Tan_CodingChallengeUITests" */;
			buildPhases = (
				FA878FE024CFA407866E92E3 /* [CP] Check Pods Manifest.lock */,
				E4B67339257E29C80048E78F /* Sources */,
				E4B6733A257E29C80048E78F /* Frameworks */,
				E4B6733B257E29C80048E78F /* Resources */,
				30F98C9CD2C2FB6E94F2FF3E /* [CP] Embed Pods Frameworks */,
			);
			buildRules = (
			);
			dependencies = (
				E4B6733F257E29C80048E78F /* PBXTargetDependency */,
			);
			name = Tan_CodingChallengeUITests;
			productName = Tan_CodingChallengeUITests;
			productReference = E4B6733D257E29C80048E78F /* Tan_CodingChallengeUITests.xctest */;
			productType = "com.apple.product-type.bundle.ui-testing";
		};
/* End PBXNativeTarget section */

/* Begin PBXProject section */
		E4B67314257E29C80048E78F /* Project object */ = {
			isa = PBXProject;
			attributes = {
				LastSwiftUpdateCheck = 1220;
				LastUpgradeCheck = 1220;
				TargetAttributes = {
					E4B6731B257E29C80048E78F = {
						CreatedOnToolsVersion = 12.2;
					};
					E4B67331257E29C80048E78F = {
						CreatedOnToolsVersion = 12.2;
						TestTargetID = E4B6731B257E29C80048E78F;
					};
					E4B6733C257E29C80048E78F = {
						CreatedOnToolsVersion = 12.2;
						TestTargetID = E4B6731B257E29C80048E78F;
					};
				};
			};
			buildConfigurationList = E4B67317257E29C80048E78F /* Build configuration list for PBXProject "Tan_CodingChallenge" */;
			compatibilityVersion = "Xcode 9.3";
			developmentRegion = en;
			hasScannedForEncodings = 0;
			knownRegions = (
				en,
				Base,
			);
			mainGroup = E4B67313257E29C80048E78F;
			productRefGroup = E4B6731D257E29C80048E78F /* Products */;
			projectDirPath = "";
			projectRoot = "";
			targets = (
				E4B6731B257E29C80048E78F /* Tan_CodingChallenge */,
				E4B67331257E29C80048E78F /* Tan_CodingChallengeTests */,
				E4B6733C257E29C80048E78F /* Tan_CodingChallengeUITests */,
			);
		};
/* End PBXProject section */

/* Begin PBXResourcesBuildPhase section */
		E4B6731A257E29C80048E78F /* Resources */ = {
			isa = PBXResourcesBuildPhase;
			buildActionMask = 2147483647;
			files = (
				E4B6732C257E29C80048E78F /* LaunchScreen.storyboard in Resources */,
				E4A2AC9B257F84C300BC2EC3 /* HeaderView.xib in Resources */,
				E4B67329257E29C80048E78F /* Assets.xcassets in Resources */,
				E4B67327257E29C80048E78F /* Main.storyboard in Resources */,
				E4B67373257E4DAB0048E78F /* TrackCell.xib in Resources */,
			);
			runOnlyForDeploymentPostprocessing = 0;
		};
		E4B67330257E29C80048E78F /* Resources */ = {
			isa = PBXResourcesBuildPhase;
			buildActionMask = 2147483647;
			files = (
			);
			runOnlyForDeploymentPostprocessing = 0;
		};
		E4B6733B257E29C80048E78F /* Resources */ = {
			isa = PBXResourcesBuildPhase;
			buildActionMask = 2147483647;
			files = (
			);
			runOnlyForDeploymentPostprocessing = 0;
		};
/* End PBXResourcesBuildPhase section */

/* Begin PBXShellScriptBuildPhase section */
		30F98C9CD2C2FB6E94F2FF3E /* [CP] Embed Pods Frameworks */ = {
			isa = PBXShellScriptBuildPhase;
			buildActionMask = 2147483647;
			files = (
			);
			inputFileListPaths = (
				"${PODS_ROOT}/Target Support Files/Pods-Tan_CodingChallenge-Tan_CodingChallengeUITests/Pods-Tan_CodingChallenge-Tan_CodingChallengeUITests-frameworks-${CONFIGURATION}-input-files.xcfilelist",
			);
			name = "[CP] Embed Pods Frameworks";
			outputFileListPaths = (
				"${PODS_ROOT}/Target Support Files/Pods-Tan_CodingChallenge-Tan_CodingChallengeUITests/Pods-Tan_CodingChallenge-Tan_CodingChallengeUITests-frameworks-${CONFIGURATION}-output-files.xcfilelist",
			);
			runOnlyForDeploymentPostprocessing = 0;
			shellPath = /bin/sh;
			shellScript = "\"${PODS_ROOT}/Target Support Files/Pods-Tan_CodingChallenge-Tan_CodingChallengeUITests/Pods-Tan_CodingChallenge-Tan_CodingChallengeUITests-frameworks.sh\"\n";
			showEnvVarsInLog = 0;
		};
		5DE7A05568271904F257C875 /* [CP] Check Pods Manifest.lock */ = {
			isa = PBXShellScriptBuildPhase;
			buildActionMask = 2147483647;
			files = (
			);
			inputFileListPaths = (
			);
			inputPaths = (
				"${PODS_PODFILE_DIR_PATH}/Podfile.lock",
				"${PODS_ROOT}/Manifest.lock",
			);
			name = "[CP] Check Pods Manifest.lock";
			outputFileListPaths = (
			);
			outputPaths = (
				"$(DERIVED_FILE_DIR)/Pods-Tan_CodingChallengeTests-checkManifestLockResult.txt",
			);
			runOnlyForDeploymentPostprocessing = 0;
			shellPath = /bin/sh;
			shellScript = "diff \"${PODS_PODFILE_DIR_PATH}/Podfile.lock\" \"${PODS_ROOT}/Manifest.lock\" > /dev/null\nif [ $? != 0 ] ; then\n    # print error to STDERR\n    echo \"error: The sandbox is not in sync with the Podfile.lock. Run 'pod install' or update your CocoaPods installation.\" >&2\n    exit 1\nfi\n# This output is used by Xcode 'outputs' to avoid re-running this script phase.\necho \"SUCCESS\" > \"${SCRIPT_OUTPUT_FILE_0}\"\n";
			showEnvVarsInLog = 0;
		};
		AACC2F1114BB6992A74F49FD /* [CP] Check Pods Manifest.lock */ = {
			isa = PBXShellScriptBuildPhase;
			buildActionMask = 2147483647;
			files = (
			);
			inputFileListPaths = (
			);
			inputPaths = (
				"${PODS_PODFILE_DIR_PATH}/Podfile.lock",
				"${PODS_ROOT}/Manifest.lock",
			);
			name = "[CP] Check Pods Manifest.lock";
			outputFileListPaths = (
			);
			outputPaths = (
				"$(DERIVED_FILE_DIR)/Pods-Tan_CodingChallenge-checkManifestLockResult.txt",
			);
			runOnlyForDeploymentPostprocessing = 0;
			shellPath = /bin/sh;
			shellScript = "diff \"${PODS_PODFILE_DIR_PATH}/Podfile.lock\" \"${PODS_ROOT}/Manifest.lock\" > /dev/null\nif [ $? != 0 ] ; then\n    # print error to STDERR\n    echo \"error: The sandbox is not in sync with the Podfile.lock. Run 'pod install' or update your CocoaPods installation.\" >&2\n    exit 1\nfi\n# This output is used by Xcode 'outputs' to avoid re-running this script phase.\necho \"SUCCESS\" > \"${SCRIPT_OUTPUT_FILE_0}\"\n";
			showEnvVarsInLog = 0;
		};
		AEA3A01AFBE05B1ED97C8E13 /* [CP] Embed Pods Frameworks */ = {
			isa = PBXShellScriptBuildPhase;
			buildActionMask = 2147483647;
			files = (
			);
			inputFileListPaths = (
				"${PODS_ROOT}/Target Support Files/Pods-Tan_CodingChallenge/Pods-Tan_CodingChallenge-frameworks-${CONFIGURATION}-input-files.xcfilelist",
			);
			name = "[CP] Embed Pods Frameworks";
			outputFileListPaths = (
				"${PODS_ROOT}/Target Support Files/Pods-Tan_CodingChallenge/Pods-Tan_CodingChallenge-frameworks-${CONFIGURATION}-output-files.xcfilelist",
			);
			runOnlyForDeploymentPostprocessing = 0;
			shellPath = /bin/sh;
			shellScript = "\"${PODS_ROOT}/Target Support Files/Pods-Tan_CodingChallenge/Pods-Tan_CodingChallenge-frameworks.sh\"\n";
			showEnvVarsInLog = 0;
		};
		E4B6748B257E8CC00048E78F /* RSwift */ = {
			isa = PBXShellScriptBuildPhase;
			buildActionMask = 2147483647;
			files = (
			);
			inputFileListPaths = (
			);
			inputPaths = (
				"$TEMP_DIR/rswift-lastrun",
			);
			name = RSwift;
			outputFileListPaths = (
			);
			outputPaths = (
				$SRCROOT/R.generated.swift,
			);
			runOnlyForDeploymentPostprocessing = 0;
			shellPath = /bin/sh;
			shellScript = "# Type a script or drag a script file from your workspace to insert its path.\n\"$PODS_ROOT/R.swift/rswift\" generate \"$SRCROOT/R.generated.swift\" \n";
		};
		FA878FE024CFA407866E92E3 /* [CP] Check Pods Manifest.lock */ = {
			isa = PBXShellScriptBuildPhase;
			buildActionMask = 2147483647;
			files = (
			);
			inputFileListPaths = (
			);
			inputPaths = (
				"${PODS_PODFILE_DIR_PATH}/Podfile.lock",
				"${PODS_ROOT}/Manifest.lock",
			);
			name = "[CP] Check Pods Manifest.lock";
			outputFileListPaths = (
			);
			outputPaths = (
				"$(DERIVED_FILE_DIR)/Pods-Tan_CodingChallenge-Tan_CodingChallengeUITests-checkManifestLockResult.txt",
			);
			runOnlyForDeploymentPostprocessing = 0;
			shellPath = /bin/sh;
			shellScript = "diff \"${PODS_PODFILE_DIR_PATH}/Podfile.lock\" \"${PODS_ROOT}/Manifest.lock\" > /dev/null\nif [ $? != 0 ] ; then\n    # print error to STDERR\n    echo \"error: The sandbox is not in sync with the Podfile.lock. Run 'pod install' or update your CocoaPods installation.\" >&2\n    exit 1\nfi\n# This output is used by Xcode 'outputs' to avoid re-running this script phase.\necho \"SUCCESS\" > \"${SCRIPT_OUTPUT_FILE_0}\"\n";
			showEnvVarsInLog = 0;
		};
/* End PBXShellScriptBuildPhase section */

/* Begin PBXSourcesBuildPhase section */
		E4B67318257E29C80048E78F /* Sources */ = {
			isa = PBXSourcesBuildPhase;
			buildActionMask = 2147483647;
			files = (
				E4B67425257E76970048E78F /* TrackListViewModel.swift in Sources */,
				E4B67372257E4DAB0048E78F /* TrackCell.swift in Sources */,
				E4E76A1D257FDAF1002D8C21 /* SearchTrackViewModel.swift in Sources */,
				E4E76A07257FCDAD002D8C21 /* AppPreferences.swift in Sources */,
				E4B673F7257E640A0048E78F /* Track.swift in Sources */,
				E4B674EE257EA1180048E78F /* DetailsViewModel.swift in Sources */,
				E4B674B1257E955B0048E78F /* DetailsController.swift in Sources */,
				E4B6736C257E46D90048E78F /* TrackListController.swift in Sources */,
				E4B67406257E64C10048E78F /* TrackService.swift in Sources */,
				E4B6740C257E663C0048E78F /* TrackResponse.swift in Sources */,
				E4B6742A257E76A20048E78F /* TrackCellViewModel.swift in Sources */,
				E4E76A34257FE496002D8C21 /* R.generated.swift in Sources */,
				E4A2ACA0257F8EE500BC2EC3 /* Date.swift in Sources */,
				E4A2ACAA257FA19200BC2EC3 /* TrackListCoordinator.swift in Sources */,
				E4B67320257E29C80048E78F /* AppDelegate.swift in Sources */,
				E4E76A0C257FD826002D8C21 /* SearchTrackController.swift in Sources */,
				E4B67322257E29C80048E78F /* SceneDelegate.swift in Sources */,
				E4A2AC96257F84B800BC2EC3 /* HeaderView.swift in Sources */,
			);
			runOnlyForDeploymentPostprocessing = 0;
		};
		E4B6732E257E29C80048E78F /* Sources */ = {
			isa = PBXSourcesBuildPhase;
			buildActionMask = 2147483647;
			files = (
				E4B67337257E29C80048E78F /* Tan_CodingChallengeTests.swift in Sources */,
			);
			runOnlyForDeploymentPostprocessing = 0;
		};
		E4B67339257E29C80048E78F /* Sources */ = {
			isa = PBXSourcesBuildPhase;
			buildActionMask = 2147483647;
			files = (
				E4B67342257E29C80048E78F /* Tan_CodingChallengeUITests.swift in Sources */,
			);
			runOnlyForDeploymentPostprocessing = 0;
		};
/* End PBXSourcesBuildPhase section */

/* Begin PBXTargetDependency section */
		E4B67334257E29C80048E78F /* PBXTargetDependency */ = {
			isa = PBXTargetDependency;
			target = E4B6731B257E29C80048E78F /* Tan_CodingChallenge */;
			targetProxy = E4B67333257E29C80048E78F /* PBXContainerItemProxy */;
		};
		E4B6733F257E29C80048E78F /* PBXTargetDependency */ = {
			isa = PBXTargetDependency;
			target = E4B6731B257E29C80048E78F /* Tan_CodingChallenge */;
			targetProxy = E4B6733E257E29C80048E78F /* PBXContainerItemProxy */;
		};
/* End PBXTargetDependency section */

/* Begin PBXVariantGroup section */
		E4B67325257E29C80048E78F /* Main.storyboard */ = {
			isa = PBXVariantGroup;
			children = (
				E4B67326257E29C80048E78F /* Base */,
			);
			name = Main.storyboard;
			sourceTree = "<group>";
		};
		E4B6732A257E29C80048E78F /* LaunchScreen.storyboard */ = {
			isa = PBXVariantGroup;
			children = (
				E4B6732B257E29C80048E78F /* Base */,
			);
			name = LaunchScreen.storyboard;
			sourceTree = "<group>";
		};
/* End PBXVariantGroup section */

/* Begin XCBuildConfiguration section */
		E4B67344257E29C80048E78F /* Debug */ = {
			isa = XCBuildConfiguration;
			buildSettings = {
				ALWAYS_SEARCH_USER_PATHS = NO;
				CLANG_ANALYZER_NONNULL = YES;
				CLANG_ANALYZER_NUMBER_OBJECT_CONVERSION = YES_AGGRESSIVE;
				CLANG_CXX_LANGUAGE_STANDARD = "gnu++14";
				CLANG_CXX_LIBRARY = "libc++";
				CLANG_ENABLE_MODULES = YES;
				CLANG_ENABLE_OBJC_ARC = YES;
				CLANG_ENABLE_OBJC_WEAK = YES;
				CLANG_WARN_BLOCK_CAPTURE_AUTORELEASING = YES;
				CLANG_WARN_BOOL_CONVERSION = YES;
				CLANG_WARN_COMMA = YES;
				CLANG_WARN_CONSTANT_CONVERSION = YES;
				CLANG_WARN_DEPRECATED_OBJC_IMPLEMENTATIONS = YES;
				CLANG_WARN_DIRECT_OBJC_ISA_USAGE = YES_ERROR;
				CLANG_WARN_DOCUMENTATION_COMMENTS = YES;
				CLANG_WARN_EMPTY_BODY = YES;
				CLANG_WARN_ENUM_CONVERSION = YES;
				CLANG_WARN_INFINITE_RECURSION = YES;
				CLANG_WARN_INT_CONVERSION = YES;
				CLANG_WARN_NON_LITERAL_NULL_CONVERSION = YES;
				CLANG_WARN_OBJC_IMPLICIT_RETAIN_SELF = YES;
				CLANG_WARN_OBJC_LITERAL_CONVERSION = YES;
				CLANG_WARN_OBJC_ROOT_CLASS = YES_ERROR;
				CLANG_WARN_QUOTED_INCLUDE_IN_FRAMEWORK_HEADER = YES;
				CLANG_WARN_RANGE_LOOP_ANALYSIS = YES;
				CLANG_WARN_STRICT_PROTOTYPES = YES;
				CLANG_WARN_SUSPICIOUS_MOVE = YES;
				CLANG_WARN_UNGUARDED_AVAILABILITY = YES_AGGRESSIVE;
				CLANG_WARN_UNREACHABLE_CODE = YES;
				CLANG_WARN__DUPLICATE_METHOD_MATCH = YES;
				COPY_PHASE_STRIP = NO;
				DEBUG_INFORMATION_FORMAT = dwarf;
				ENABLE_STRICT_OBJC_MSGSEND = YES;
				ENABLE_TESTABILITY = YES;
				GCC_C_LANGUAGE_STANDARD = gnu11;
				GCC_DYNAMIC_NO_PIC = NO;
				GCC_NO_COMMON_BLOCKS = YES;
				GCC_OPTIMIZATION_LEVEL = 0;
				GCC_PREPROCESSOR_DEFINITIONS = (
					"DEBUG=1",
					"$(inherited)",
				);
				GCC_WARN_64_TO_32_BIT_CONVERSION = YES;
				GCC_WARN_ABOUT_RETURN_TYPE = YES_ERROR;
				GCC_WARN_UNDECLARED_SELECTOR = YES;
				GCC_WARN_UNINITIALIZED_AUTOS = YES_AGGRESSIVE;
				GCC_WARN_UNUSED_FUNCTION = YES;
				GCC_WARN_UNUSED_VARIABLE = YES;
				IPHONEOS_DEPLOYMENT_TARGET = 14.2;
				MTL_ENABLE_DEBUG_INFO = INCLUDE_SOURCE;
				MTL_FAST_MATH = YES;
				ONLY_ACTIVE_ARCH = YES;
				SDKROOT = iphoneos;
				SWIFT_ACTIVE_COMPILATION_CONDITIONS = DEBUG;
				SWIFT_OPTIMIZATION_LEVEL = "-Onone";
			};
			name = Debug;
		};
		E4B67345257E29C80048E78F /* Release */ = {
			isa = XCBuildConfiguration;
			buildSettings = {
				ALWAYS_SEARCH_USER_PATHS = NO;
				CLANG_ANALYZER_NONNULL = YES;
				CLANG_ANALYZER_NUMBER_OBJECT_CONVERSION = YES_AGGRESSIVE;
				CLANG_CXX_LANGUAGE_STANDARD = "gnu++14";
				CLANG_CXX_LIBRARY = "libc++";
				CLANG_ENABLE_MODULES = YES;
				CLANG_ENABLE_OBJC_ARC = YES;
				CLANG_ENABLE_OBJC_WEAK = YES;
				CLANG_WARN_BLOCK_CAPTURE_AUTORELEASING = YES;
				CLANG_WARN_BOOL_CONVERSION = YES;
				CLANG_WARN_COMMA = YES;
				CLANG_WARN_CONSTANT_CONVERSION = YES;
				CLANG_WARN_DEPRECATED_OBJC_IMPLEMENTATIONS = YES;
				CLANG_WARN_DIRECT_OBJC_ISA_USAGE = YES_ERROR;
				CLANG_WARN_DOCUMENTATION_COMMENTS = YES;
				CLANG_WARN_EMPTY_BODY = YES;
				CLANG_WARN_ENUM_CONVERSION = YES;
				CLANG_WARN_INFINITE_RECURSION = YES;
				CLANG_WARN_INT_CONVERSION = YES;
				CLANG_WARN_NON_LITERAL_NULL_CONVERSION = YES;
				CLANG_WARN_OBJC_IMPLICIT_RETAIN_SELF = YES;
				CLANG_WARN_OBJC_LITERAL_CONVERSION = YES;
				CLANG_WARN_OBJC_ROOT_CLASS = YES_ERROR;
				CLANG_WARN_QUOTED_INCLUDE_IN_FRAMEWORK_HEADER = YES;
				CLANG_WARN_RANGE_LOOP_ANALYSIS = YES;
				CLANG_WARN_STRICT_PROTOTYPES = YES;
				CLANG_WARN_SUSPICIOUS_MOVE = YES;
				CLANG_WARN_UNGUARDED_AVAILABILITY = YES_AGGRESSIVE;
				CLANG_WARN_UNREACHABLE_CODE = YES;
				CLANG_WARN__DUPLICATE_METHOD_MATCH = YES;
				COPY_PHASE_STRIP = NO;
				DEBUG_INFORMATION_FORMAT = "dwarf-with-dsym";
				ENABLE_NS_ASSERTIONS = NO;
				ENABLE_STRICT_OBJC_MSGSEND = YES;
				GCC_C_LANGUAGE_STANDARD = gnu11;
				GCC_NO_COMMON_BLOCKS = YES;
				GCC_WARN_64_TO_32_BIT_CONVERSION = YES;
				GCC_WARN_ABOUT_RETURN_TYPE = YES_ERROR;
				GCC_WARN_UNDECLARED_SELECTOR = YES;
				GCC_WARN_UNINITIALIZED_AUTOS = YES_AGGRESSIVE;
				GCC_WARN_UNUSED_FUNCTION = YES;
				GCC_WARN_UNUSED_VARIABLE = YES;
				IPHONEOS_DEPLOYMENT_TARGET = 14.2;
				MTL_ENABLE_DEBUG_INFO = NO;
				MTL_FAST_MATH = YES;
				SDKROOT = iphoneos;
				SWIFT_COMPILATION_MODE = wholemodule;
				SWIFT_OPTIMIZATION_LEVEL = "-O";
				VALIDATE_PRODUCT = YES;
			};
			name = Release;
		};
		E4B67347257E29C80048E78F /* Debug */ = {
			isa = XCBuildConfiguration;
			baseConfigurationReference = 502C04E9266C0EEE4658FEA0 /* Pods-Tan_CodingChallenge.debug.xcconfig */;
			buildSettings = {
				ASSETCATALOG_COMPILER_APPICON_NAME = AppIcon;
				ASSETCATALOG_COMPILER_GLOBAL_ACCENT_COLOR_NAME = AccentColor;
				CODE_SIGN_STYLE = Automatic;
				DEVELOPMENT_TEAM = F6YK3Y87P9;
				INFOPLIST_FILE = Tan_CodingChallenge/Info.plist;
				LD_RUNPATH_SEARCH_PATHS = (
					"$(inherited)",
					"@executable_path/Frameworks",
				);
				PRODUCT_BUNDLE_IDENTIFIER = "atan.Tan-CodingChallenge";
				PRODUCT_NAME = "$(TARGET_NAME)";
				SWIFT_VERSION = 5.0;
				TARGETED_DEVICE_FAMILY = "1,2";
			};
			name = Debug;
		};
		E4B67348257E29C80048E78F /* Release */ = {
			isa = XCBuildConfiguration;
			baseConfigurationReference = 82B9D4C585889E73566782A7 /* Pods-Tan_CodingChallenge.release.xcconfig */;
			buildSettings = {
				ASSETCATALOG_COMPILER_APPICON_NAME = AppIcon;
				ASSETCATALOG_COMPILER_GLOBAL_ACCENT_COLOR_NAME = AccentColor;
				CODE_SIGN_STYLE = Automatic;
				DEVELOPMENT_TEAM = F6YK3Y87P9;
				INFOPLIST_FILE = Tan_CodingChallenge/Info.plist;
				LD_RUNPATH_SEARCH_PATHS = (
					"$(inherited)",
					"@executable_path/Frameworks",
				);
				PRODUCT_BUNDLE_IDENTIFIER = "atan.Tan-CodingChallenge";
				PRODUCT_NAME = "$(TARGET_NAME)";
				SWIFT_VERSION = 5.0;
				TARGETED_DEVICE_FAMILY = "1,2";
			};
			name = Release;
		};
		E4B6734A257E29C80048E78F /* Debug */ = {
			isa = XCBuildConfiguration;
			baseConfigurationReference = B75506969DF5ACD8B65BABD7 /* Pods-Tan_CodingChallengeTests.debug.xcconfig */;
			buildSettings = {
				ALWAYS_EMBED_SWIFT_STANDARD_LIBRARIES = YES;
				BUNDLE_LOADER = "$(TEST_HOST)";
				CODE_SIGN_STYLE = Automatic;
				DEVELOPMENT_TEAM = F6YK3Y87P9;
				INFOPLIST_FILE = Tan_CodingChallengeTests/Info.plist;
				IPHONEOS_DEPLOYMENT_TARGET = 14.2;
				LD_RUNPATH_SEARCH_PATHS = (
					"$(inherited)",
					"@executable_path/Frameworks",
					"@loader_path/Frameworks",
				);
				PRODUCT_BUNDLE_IDENTIFIER = "atan.Tan-CodingChallengeTests";
				PRODUCT_NAME = "$(TARGET_NAME)";
				SWIFT_VERSION = 5.0;
				TARGETED_DEVICE_FAMILY = "1,2";
				TEST_HOST = "$(BUILT_PRODUCTS_DIR)/Tan_CodingChallenge.app/Tan_CodingChallenge";
			};
			name = Debug;
		};
		E4B6734B257E29C80048E78F /* Release */ = {
			isa = XCBuildConfiguration;
			baseConfigurationReference = 226BDD9FA03D9929621FABDC /* Pods-Tan_CodingChallengeTests.release.xcconfig */;
			buildSettings = {
				ALWAYS_EMBED_SWIFT_STANDARD_LIBRARIES = YES;
				BUNDLE_LOADER = "$(TEST_HOST)";
				CODE_SIGN_STYLE = Automatic;
				DEVELOPMENT_TEAM = F6YK3Y87P9;
				INFOPLIST_FILE = Tan_CodingChallengeTests/Info.plist;
				IPHONEOS_DEPLOYMENT_TARGET = 14.2;
				LD_RUNPATH_SEARCH_PATHS = (
					"$(inherited)",
					"@executable_path/Frameworks",
					"@loader_path/Frameworks",
				);
				PRODUCT_BUNDLE_IDENTIFIER = "atan.Tan-CodingChallengeTests";
				PRODUCT_NAME = "$(TARGET_NAME)";
				SWIFT_VERSION = 5.0;
				TARGETED_DEVICE_FAMILY = "1,2";
				TEST_HOST = "$(BUILT_PRODUCTS_DIR)/Tan_CodingChallenge.app/Tan_CodingChallenge";
			};
			name = Release;
		};
		E4B6734D257E29C80048E78F /* Debug */ = {
			isa = XCBuildConfiguration;
			baseConfigurationReference = 6954DA58CA8EA0B60C6F6964 /* Pods-Tan_CodingChallenge-Tan_CodingChallengeUITests.debug.xcconfig */;
			buildSettings = {
				ALWAYS_EMBED_SWIFT_STANDARD_LIBRARIES = YES;
				CODE_SIGN_STYLE = Automatic;
				DEVELOPMENT_TEAM = F6YK3Y87P9;
				INFOPLIST_FILE = Tan_CodingChallengeUITests/Info.plist;
				LD_RUNPATH_SEARCH_PATHS = (
					"$(inherited)",
					"@executable_path/Frameworks",
					"@loader_path/Frameworks",
				);
				PRODUCT_BUNDLE_IDENTIFIER = "atan.Tan-CodingChallengeUITests";
				PRODUCT_NAME = "$(TARGET_NAME)";
				SWIFT_VERSION = 5.0;
				TARGETED_DEVICE_FAMILY = "1,2";
				TEST_TARGET_NAME = Tan_CodingChallenge;
			};
			name = Debug;
		};
		E4B6734E257E29C80048E78F /* Release */ = {
			isa = XCBuildConfiguration;
			baseConfigurationReference = 10A7FC41FCB5585149A46F2B /* Pods-Tan_CodingChallenge-Tan_CodingChallengeUITests.release.xcconfig */;
			buildSettings = {
				ALWAYS_EMBED_SWIFT_STANDARD_LIBRARIES = YES;
				CODE_SIGN_STYLE = Automatic;
				DEVELOPMENT_TEAM = F6YK3Y87P9;
				INFOPLIST_FILE = Tan_CodingChallengeUITests/Info.plist;
				LD_RUNPATH_SEARCH_PATHS = (
					"$(inherited)",
					"@executable_path/Frameworks",
					"@loader_path/Frameworks",
				);
				PRODUCT_BUNDLE_IDENTIFIER = "atan.Tan-CodingChallengeUITests";
				PRODUCT_NAME = "$(TARGET_NAME)";
				SWIFT_VERSION = 5.0;
				TARGETED_DEVICE_FAMILY = "1,2";
				TEST_TARGET_NAME = Tan_CodingChallenge;
			};
			name = Release;
		};
/* End XCBuildConfiguration section */

/* Begin XCConfigurationList section */
		E4B67317257E29C80048E78F /* Build configuration list for PBXProject "Tan_CodingChallenge" */ = {
			isa = XCConfigurationList;
			buildConfigurations = (
				E4B67344257E29C80048E78F /* Debug */,
				E4B67345257E29C80048E78F /* Release */,
			);
			defaultConfigurationIsVisible = 0;
			defaultConfigurationName = Release;
		};
		E4B67346257E29C80048E78F /* Build configuration list for PBXNativeTarget "Tan_CodingChallenge" */ = {
			isa = XCConfigurationList;
			buildConfigurations = (
				E4B67347257E29C80048E78F /* Debug */,
				E4B67348257E29C80048E78F /* Release */,
			);
			defaultConfigurationIsVisible = 0;
			defaultConfigurationName = Release;
		};
		E4B67349257E29C80048E78F /* Build configuration list for PBXNativeTarget "Tan_CodingChallengeTests" */ = {
			isa = XCConfigurationList;
			buildConfigurations = (
				E4B6734A257E29C80048E78F /* Debug */,
				E4B6734B257E29C80048E78F /* Release */,
			);
			defaultConfigurationIsVisible = 0;
			defaultConfigurationName = Release;
		};
		E4B6734C257E29C80048E78F /* Build configuration list for PBXNativeTarget "Tan_CodingChallengeUITests" */ = {
			isa = XCConfigurationList;
			buildConfigurations = (
				E4B6734D257E29C80048E78F /* Debug */,
				E4B6734E257E29C80048E78F /* Release */,
			);
			defaultConfigurationIsVisible = 0;
			defaultConfigurationName = Release;
		};
/* End XCConfigurationList section */
	};
	rootObject = E4B67314257E29C80048E78F /* Project object */;
}
